PODS:
  - IGListKit (3.4.0):
    - IGListKit/Default (= 3.4.0)
  - IGListKit/Default (3.4.0):
    - IGListKit/Diffing
  - IGListKit/Diffing (3.4.0)
  - Masonry (1.1.0)
  - MJExtension (3.0.15.1)
  - ReactiveObjC (3.1.0)

DEPENDENCIES:
  - IGListKit
  - Masonry
  - MJExtension
  - ReactiveObjC

SPEC REPOS:
  https://github.com/CocoaPods/Specs.git:
    - IGListKit
    - Masonry
    - MJExtension
    - ReactiveObjC

SPEC CHECKSUMS:
  IGListKit: 7a5d788e9fb746bcd402baa8e8b24bc3bd2a5a07
  Masonry: 678fab65091a9290e40e2832a55e7ab731aad201
  MJExtension: 19bc33ce2eee2d319760f5622562cf581a6ff756
  ReactiveObjC: 2a38ea15335de4119d8b17caf1db1484f61db902

PODFILE CHECKSUM: 83df3f8b6d2c2ffce28a308992798ca3c5da96b3

COCOAPODS: 1.5.0
