// !$*UTF8*$!
{
	archiveVersion = 1;
	classes = {
	};
	objectVersion = 50;
	objects = {

/* Begin PBXBuildFile section */
		1A2DB63A228FD43C00378AFD /* AppDelegate.m in Sources */ = {isa = PBXBuildFile; fileRef = 1A2DB639228FD43C00378AFD /* AppDelegate.m */; };
		1A2DB63D228FD43C00378AFD /* ViewController.m in Sources */ = {isa = PBXBuildFile; fileRef = 1A2DB63C228FD43C00378AFD /* ViewController.m */; };
		1A2DB640228FD43C00378AFD /* Main.storyboard in Resources */ = {isa = PBXBuildFile; fileRef = 1A2DB63E228FD43C00378AFD /* Main.storyboard */; };
		1A2DB642228FD43E00378AFD /* Assets.xcassets in Resources */ = {isa = PBXBuildFile; fileRef = 1A2DB641228FD43E00378AFD /* Assets.xcassets */; };
		1A2DB645228FD43E00378AFD /* LaunchScreen.storyboard in Resources */ = {isa = PBXBuildFile; fileRef = 1A2DB643228FD43E00378AFD /* LaunchScreen.storyboard */; };
		1A2DB648228FD43E00378AFD /* main.m in Sources */ = {isa = PBXBuildFile; fileRef = 1A2DB647228FD43E00378AFD /* main.m */; };
		58C93A7C6C852F755B77B60D /* libPods-TMSWeChat.a in Frameworks */ = {isa = PBXBuildFile; fileRef = 9BA0A08A784CC95EE47BCC77 /* libPods-TMSWeChat.a */; };
/* End PBXBuildFile section */

/* Begin PBXFileReference section */
		1A2DB635228FD43C00378AFD /* TMSWeChat.app */ = {isa = PBXFileReference; explicitFileType = wrapper.application; includeInIndex = 0; path = TMSWeChat.app; sourceTree = BUILT_PRODUCTS_DIR; };
		1A2DB638228FD43C00378AFD /* AppDelegate.h */ = {isa = PBXFileReference; lastKnownFileType = sourcecode.c.h; path = AppDelegate.h; sourceTree = "<group>"; };
		1A2DB639228FD43C00378AFD /* AppDelegate.m */ = {isa = PBXFileReference; lastKnownFileType = sourcecode.c.objc; path = AppDelegate.m; sourceTree = "<group>"; };
		1A2DB63B228FD43C00378AFD /* ViewController.h */ = {isa = PBXFileReference; lastKnownFileType = sourcecode.c.h; path = ViewController.h; sourceTree = "<group>"; };
		1A2DB63C228FD43C00378AFD /* ViewController.m */ = {isa = PBXFileReference; lastKnownFileType = sourcecode.c.objc; path = ViewController.m; sourceTree = "<group>"; };
		1A2DB63F228FD43C00378AFD /* Base */ = {isa = PBXFileReference; lastKnownFileType = file.storyboard; name = Base; path = Base.lproj/Main.storyboard; sourceTree = "<group>"; };
		1A2DB641228FD43E00378AFD /* Assets.xcassets */ = {isa = PBXFileReference; lastKnownFileType = folder.assetcatalog; path = Assets.xcassets; sourceTree = "<group>"; };
		1A2DB644228FD43E00378AFD /* Base */ = {isa = PBXFileReference; lastKnownFileType = file.storyboard; name = Base; path = Base.lproj/LaunchScreen.storyboard; sourceTree = "<group>"; };
		1A2DB646228FD43E00378AFD /* Info.plist */ = {isa = PBXFileReference; lastKnownFileType = text.plist.xml; path = Info.plist; sourceTree = "<group>"; };
		1A2DB647228FD43E00378AFD /* main.m */ = {isa = PBXFileReference; lastKnownFileType = sourcecode.c.objc; path = main.m; sourceTree = "<group>"; };
		439FAE18F547D9C3ED6CD9CF /* Pods-TMSWeChat.debug.xcconfig */ = {isa = PBXFileReference; includeInIndex = 1; lastKnownFileType = text.xcconfig; name = "Pods-TMSWeChat.debug.xcconfig"; path = "Pods/Target Support Files/Pods-TMSWeChat/Pods-TMSWeChat.debug.xcconfig"; sourceTree = "<group>"; };
		84CBC97B541519788927A9BC /* Pods-TMSWeChat.release.xcconfig */ = {isa = PBXFileReference; includeInIndex = 1; lastKnownFileType = text.xcconfig; name = "Pods-TMSWeChat.release.xcconfig"; path = "Pods/Target Support Files/Pods-TMSWeChat/Pods-TMSWeChat.release.xcconfig"; sourceTree = "<group>"; };
		9BA0A08A784CC95EE47BCC77 /* libPods-TMSWeChat.a */ = {isa = PBXFileReference; explicitFileType = archive.ar; includeInIndex = 0; path = "libPods-TMSWeChat.a"; sourceTree = BUILT_PRODUCTS_DIR; };
/* End PBXFileReference section */

/* Begin PBXFrameworksBuildPhase section */
		1A2DB632228FD43C00378AFD /* Frameworks */ = {
			isa = PBXFrameworksBuildPhase;
			buildActionMask = 2147483647;
			files = (
				58C93A7C6C852F755B77B60D /* libPods-TMSWeChat.a in Frameworks */,
			);
			runOnlyForDeploymentPostprocessing = 0;
		};
/* End PBXFrameworksBuildPhase section */

/* Begin PBXGroup section */
		0EF91FEA693B466815D2D773 /* Pods */ = {
			isa = PBXGroup;
			children = (
				439FAE18F547D9C3ED6CD9CF /* Pods-TMSWeChat.debug.xcconfig */,
				84CBC97B541519788927A9BC /* Pods-TMSWeChat.release.xcconfig */,
			);
			name = Pods;
			sourceTree = "<group>";
		};
		1A2DB62C228FD43C00378AFD = {
			isa = PBXGroup;
			children = (
				1A2DB637228FD43C00378AFD /* TMSWeChat */,
				1A2DB636228FD43C00378AFD /* Products */,
				0EF91FEA693B466815D2D773 /* Pods */,
				651D2C19B2E9997BAEB7CE24 /* Frameworks */,
			);
			sourceTree = "<group>";
		};
		1A2DB636228FD43C00378AFD /* Products */ = {
			isa = PBXGroup;
			children = (
				1A2DB635228FD43C00378AFD /* TMSWeChat.app */,
			);
			name = Products;
			sourceTree = "<group>";
		};
		1A2DB637228FD43C00378AFD /* TMSWeChat */ = {
			isa = PBXGroup;
			children = (
				1A2DB638228FD43C00378AFD /* AppDelegate.h */,
				1A2DB639228FD43C00378AFD /* AppDelegate.m */,
				1A2DB63B228FD43C00378AFD /* ViewController.h */,
				1A2DB63C228FD43C00378AFD /* ViewController.m */,
				1A2DB63E228FD43C00378AFD /* Main.storyboard */,
				1A2DB641228FD43E00378AFD /* Assets.xcassets */,
				1A2DB643228FD43E00378AFD /* LaunchScreen.storyboard */,
				1A2DB646228FD43E00378AFD /* Info.plist */,
				1A2DB647228FD43E00378AFD /* main.m */,
			);
			path = TMSWeChat;
			sourceTree = "<group>";
		};
		651D2C19B2E9997BAEB7CE24 /* Frameworks */ = {
			isa = PBXGroup;
			children = (
				9BA0A08A784CC95EE47BCC77 /* libPods-TMSWeChat.a */,
			);
			name = Frameworks;
			sourceTree = "<group>";
		};
/* End PBXGroup section */

/* Begin PBXNativeTarget section */
		1A2DB634228FD43C00378AFD /* TMSWeChat */ = {
			isa = PBXNativeTarget;
			buildConfigurationList = 1A2DB64B228FD43E00378AFD /* Build configuration list for PBXNativeTarget "TMSWeChat" */;
			buildPhases = (
				082FD0A3EB780C201CD3B1A6 /* [CP] Check Pods Manifest.lock */,
				1A2DB631228FD43C00378AFD /* Sources */,
				1A2DB632228FD43C00378AFD /* Frameworks */,
				1A2DB633228FD43C00378AFD /* Resources */,
			);
			buildRules = (
			);
			dependencies = (
			);
			name = TMSWeChat;
			productName = TMSWeChat;
			productReference = 1A2DB635228FD43C00378AFD /* TMSWeChat.app */;
			productType = "com.apple.product-type.application";
		};
/* End PBXNativeTarget section */

/* Begin PBXProject section */
		1A2DB62D228FD43C00378AFD /* Project object */ = {
			isa = PBXProject;
			attributes = {
				LastUpgradeCheck = 1010;
				ORGANIZATIONNAME = TMS;
				TargetAttributes = {
					1A2DB634228FD43C00378AFD = {
						CreatedOnToolsVersion = 10.1;
					};
				};
			};
			buildConfigurationList = 1A2DB630228FD43C00378AFD /* Build configuration list for PBXProject "TMSWeChat" */;
			compatibilityVersion = "Xcode 9.3";
			developmentRegion = en;
			hasScannedForEncodings = 0;
			knownRegions = (
				en,
				Base,
			);
			mainGroup = 1A2DB62C228FD43C00378AFD;
			productRefGroup = 1A2DB636228FD43C00378AFD /* Products */;
			projectDirPath = "";
			projectRoot = "";
			targets = (
				1A2DB634228FD43C00378AFD /* TMSWeChat */,
			);
		};
/* End PBXProject section */

/* Begin PBXResourcesBuildPhase section */
		1A2DB633228FD43C00378AFD /* Resources */ = {
			isa = PBXResourcesBuildPhase;
			buildActionMask = 2147483647;
			files = (
				1A2DB645228FD43E00378AFD /* LaunchScreen.storyboard in Resources */,
				1A2DB642228FD43E00378AFD /* Assets.xcassets in Resources */,
				1A2DB640228FD43C00378AFD /* Main.storyboard in Resources */,
			);
			runOnlyForDeploymentPostprocessing = 0;
		};
/* End PBXResourcesBuildPhase section */

/* Begin PBXShellScriptBuildPhase section */
		082FD0A3EB780C201CD3B1A6 /* [CP] Check Pods Manifest.lock */ = {
			isa = PBXShellScriptBuildPhase;
			buildActionMask = 2147483647;
			files = (
			);
			inputPaths = (
				"${PODS_PODFILE_DIR_PATH}/Podfile.lock",
				"${PODS_ROOT}/Manifest.lock",
			);
			name = "[CP] Check Pods Manifest.lock";
			outputPaths = (
				"$(DERIVED_FILE_DIR)/Pods-TMSWeChat-checkManifestLockResult.txt",
			);
			runOnlyForDeploymentPostprocessing = 0;
			shellPath = /bin/sh;
			shellScript = "diff \"${PODS_PODFILE_DIR_PATH}/Podfile.lock\" \"${PODS_ROOT}/Manifest.lock\" > /dev/null\nif [ $? != 0 ] ; then\n    # print error to STDERR\n    echo \"error: The sandbox is not in sync with the Podfile.lock. Run 'pod install' or update your CocoaPods installation.\" >&2\n    exit 1\nfi\n# This output is used by Xcode 'outputs' to avoid re-running this script phase.\necho \"SUCCESS\" > \"${SCRIPT_OUTPUT_FILE_0}\"\n";
			showEnvVarsInLog = 0;
		};
/* End PBXShellScriptBuildPhase section */

/* Begin PBXSourcesBuildPhase section */
		1A2DB631228FD43C00378AFD /* Sources */ = {
			isa = PBXSourcesBuildPhase;
			buildActionMask = 2147483647;
			files = (
				1A2DB63D228FD43C00378AFD /* ViewController.m in Sources */,
				1A2DB648228FD43E00378AFD /* main.m in Sources */,
				1A2DB63A228FD43C00378AFD /* AppDelegate.m in Sources */,
			);
			runOnlyForDeploymentPostprocessing = 0;
		};
/* End PBXSourcesBuildPhase section */

/* Begin PBXVariantGroup section */
		1A2DB63E228FD43C00378AFD /* Main.storyboard */ = {
			isa = PBXVariantGroup;
			children = (
				1A2DB63F228FD43C00378AFD /* Base */,
			);
			name = Main.storyboard;
			sourceTree = "<group>";
		};
		1A2DB643228FD43E00378AFD /* LaunchScreen.storyboard */ = {
			isa = PBXVariantGroup;
			children = (
				1A2DB644228FD43E00378AFD /* Base */,
			);
			name = LaunchScreen.storyboard;
			sourceTree = "<group>";
		};
/* End PBXVariantGroup section */

/* Begin XCBuildConfiguration section */
		1A2DB649228FD43E00378AFD /* Debug */ = {
			isa = XCBuildConfiguration;
			buildSettings = {
				ALWAYS_SEARCH_USER_PATHS = NO;
				CLANG_ANALYZER_NONNULL = YES;
				CLANG_ANALYZER_NUMBER_OBJECT_CONVERSION = YES_AGGRESSIVE;
				CLANG_CXX_LANGUAGE_STANDARD = "gnu++14";
				CLANG_CXX_LIBRARY = "libc++";
				CLANG_ENABLE_MODULES = YES;
				CLANG_ENABLE_OBJC_ARC = YES;
				CLANG_ENABLE_OBJC_WEAK = YES;
				CLANG_WARN_BLOCK_CAPTURE_AUTORELEASING = YES;
				CLANG_WARN_BOOL_CONVERSION = YES;
				CLANG_WARN_COMMA = YES;
				CLANG_WARN_CONSTANT_CONVERSION = YES;
				CLANG_WARN_DEPRECATED_OBJC_IMPLEMENTATIONS = YES;
				CLANG_WARN_DIRECT_OBJC_ISA_USAGE = YES_ERROR;
				CLANG_WARN_DOCUMENTATION_COMMENTS = YES;
				CLANG_WARN_EMPTY_BODY = YES;
				CLANG_WARN_ENUM_CONVERSION = YES;
				CLANG_WARN_INFINITE_RECURSION = YES;
				CLANG_WARN_INT_CONVERSION = YES;
				CLANG_WARN_NON_LITERAL_NULL_CONVERSION = YES;
				CLANG_WARN_OBJC_IMPLICIT_RETAIN_SELF = YES;
				CLANG_WARN_OBJC_LITERAL_CONVERSION = YES;
				CLANG_WARN_OBJC_ROOT_CLASS = YES_ERROR;
				CLANG_WARN_RANGE_LOOP_ANALYSIS = YES;
				CLANG_WARN_STRICT_PROTOTYPES = YES;
				CLANG_WARN_SUSPICIOUS_MOVE = YES;
				CLANG_WARN_UNGUARDED_AVAILABILITY = YES_AGGRESSIVE;
				CLANG_WARN_UNREACHABLE_CODE = YES;
				CLANG_WARN__DUPLICATE_METHOD_MATCH = YES;
				CODE_SIGN_IDENTITY = "iPhone Developer";
				COPY_PHASE_STRIP = NO;
				DEBUG_INFORMATION_FORMAT = dwarf;
				ENABLE_STRICT_OBJC_MSGSEND = YES;
				ENABLE_TESTABILITY = YES;
				GCC_C_LANGUAGE_STANDARD = gnu11;
				GCC_DYNAMIC_NO_PIC = NO;
				GCC_NO_COMMON_BLOCKS = YES;
				GCC_OPTIMIZATION_LEVEL = 0;
				GCC_PREPROCESSOR_DEFINITIONS = (
					"DEBUG=1",
					"$(inherited)",
				);
				GCC_WARN_64_TO_32_BIT_CONVERSION = YES;
				GCC_WARN_ABOUT_RETURN_TYPE = YES_ERROR;
				GCC_WARN_UNDECLARED_SELECTOR = YES;
				GCC_WARN_UNINITIALIZED_AUTOS = YES_AGGRESSIVE;
				GCC_WARN_UNUSED_FUNCTION = YES;
				GCC_WARN_UNUSED_VARIABLE = YES;
				IPHONEOS_DEPLOYMENT_TARGET = 12.1;
				MTL_ENABLE_DEBUG_INFO = INCLUDE_SOURCE;
				MTL_FAST_MATH = YES;
				ONLY_ACTIVE_ARCH = YES;
				SDKROOT = iphoneos;
			};
			name = Debug;
		};
		1A2DB64A228FD43E00378AFD /* Release */ = {
			isa = XCBuildConfiguration;
			buildSettings = {
				ALWAYS_SEARCH_USER_PATHS = NO;
				CLANG_ANALYZER_NONNULL = YES;
				CLANG_ANALYZER_NUMBER_OBJECT_CONVERSION = YES_AGGRESSIVE;
				CLANG_CXX_LANGUAGE_STANDARD = "gnu++14";
				CLANG_CXX_LIBRARY = "libc++";
				CLANG_ENABLE_MODULES = YES;
				CLANG_ENABLE_OBJC_ARC = YES;
				CLANG_ENABLE_OBJC_WEAK = YES;
				CLANG_WARN_BLOCK_CAPTURE_AUTORELEASING = YES;
				CLANG_WARN_BOOL_CONVERSION = YES;
				CLANG_WARN_COMMA = YES;
				CLANG_WARN_CONSTANT_CONVERSION = YES;
				CLANG_WARN_DEPRECATED_OBJC_IMPLEMENTATIONS = YES;
				CLANG_WARN_DIRECT_OBJC_ISA_USAGE = YES_ERROR;
				CLANG_WARN_DOCUMENTATION_COMMENTS = YES;
				CLANG_WARN_EMPTY_BODY = YES;
				CLANG_WARN_ENUM_CONVERSION = YES;
				CLANG_WARN_INFINITE_RECURSION = YES;
				CLANG_WARN_INT_CONVERSION = YES;
				CLANG_WARN_NON_LITERAL_NULL_CONVERSION = YES;
				CLANG_WARN_OBJC_IMPLICIT_RETAIN_SELF = YES;
				CLANG_WARN_OBJC_LITERAL_CONVERSION = YES;
				CLANG_WARN_OBJC_ROOT_CLASS = YES_ERROR;
				CLANG_WARN_RANGE_LOOP_ANALYSIS = YES;
				CLANG_WARN_STRICT_PROTOTYPES = YES;
				CLANG_WARN_SUSPICIOUS_MOVE = YES;
				CLANG_WARN_UNGUARDED_AVAILABILITY = YES_AGGRESSIVE;
				CLANG_WARN_UNREACHABLE_CODE = YES;
				CLANG_WARN__DUPLICATE_METHOD_MATCH = YES;
				CODE_SIGN_IDENTITY = "iPhone Developer";
				COPY_PHASE_STRIP = NO;
				DEBUG_INFORMATION_FORMAT = "dwarf-with-dsym";
				ENABLE_NS_ASSERTIONS = NO;
				ENABLE_STRICT_OBJC_MSGSEND = YES;
				GCC_C_LANGUAGE_STANDARD = gnu11;
				GCC_NO_COMMON_BLOCKS = YES;
				GCC_WARN_64_TO_32_BIT_CONVERSION = YES;
				GCC_WARN_ABOUT_RETURN_TYPE = YES_ERROR;
				GCC_WARN_UNDECLARED_SELECTOR = YES;
				GCC_WARN_UNINITIALIZED_AUTOS = YES_AGGRESSIVE;
				GCC_WARN_UNUSED_FUNCTION = YES;
				GCC_WARN_UNUSED_VARIABLE = YES;
				IPHONEOS_DEPLOYMENT_TARGET = 12.1;
				MTL_ENABLE_DEBUG_INFO = NO;
				MTL_FAST_MATH = YES;
				SDKROOT = iphoneos;
				VALIDATE_PRODUCT = YES;
			};
			name = Release;
		};
		1A2DB64C228FD43E00378AFD /* Debug */ = {
			isa = XCBuildConfiguration;
			baseConfigurationReference = 439FAE18F547D9C3ED6CD9CF /* Pods-TMSWeChat.debug.xcconfig */;
			buildSettings = {
				ASSETCATALOG_COMPILER_APPICON_NAME = AppIcon;
				CODE_SIGN_STYLE = Automatic;
				INFOPLIST_FILE = TMSWeChat/Info.plist;
				LD_RUNPATH_SEARCH_PATHS = "$(inherited) @executable_path/Frameworks";
				PRODUCT_BUNDLE_IDENTIFIER = TMS.TMSWeChat;
				PRODUCT_NAME = "$(TARGET_NAME)";
				TARGETED_DEVICE_FAMILY = "1,2";
			};
			name = Debug;
		};
		1A2DB64D228FD43E00378AFD /* Release */ = {
			isa = XCBuildConfiguration;
			baseConfigurationReference = 84CBC97B541519788927A9BC /* Pods-TMSWeChat.release.xcconfig */;
			buildSettings = {
				ASSETCATALOG_COMPILER_APPICON_NAME = AppIcon;
				CODE_SIGN_STYLE = Automatic;
				INFOPLIST_FILE = TMSWeChat/Info.plist;
				LD_RUNPATH_SEARCH_PATHS = "$(inherited) @executable_path/Frameworks";
				PRODUCT_BUNDLE_IDENTIFIER = TMS.TMSWeChat;
				PRODUCT_NAME = "$(TARGET_NAME)";
				TARGETED_DEVICE_FAMILY = "1,2";
			};
			name = Release;
		};
/* End XCBuildConfiguration section */

/* Begin XCConfigurationList section */
		1A2DB630228FD43C00378AFD /* Build configuration list for PBXProject "TMSWeChat" */ = {
			isa = XCConfigurationList;
			buildConfigurations = (
				1A2DB649228FD43E00378AFD /* Debug */,
				1A2DB64A228FD43E00378AFD /* Release */,
			);
			defaultConfigurationIsVisible = 0;
			defaultConfigurationName = Release;
		};
		1A2DB64B228FD43E00378AFD /* Build configuration list for PBXNativeTarget "TMSWeChat" */ = {
			isa = XCConfigurationList;
			buildConfigurations = (
				1A2DB64C228FD43E00378AFD /* Debug */,
				1A2DB64D228FD43E00378AFD /* Release */,
			);
			defaultConfigurationIsVisible = 0;
			defaultConfigurationName = Release;
		};
/* End XCConfigurationList section */
	};
	rootObject = 1A2DB62D228FD43C00378AFD /* Project object */;
}
